// !$*UTF8*$!
{
	archiveVersion = 1;
	classes = {
	};
	objectVersion = 50;
	objects = {

/* Begin PBXBuildFile section */
		C4E8E14B27AEC9DB00E800F9 /* ToDoApp.swift in Sources */ = {isa = PBXBuildFile; fileRef = C4E8E14A27AEC9DB00E800F9 /* ToDoApp.swift */; };
		C4E8E14D27AEC9DB00E800F9 /* ContentView.swift in Sources */ = {isa = PBXBuildFile; fileRef = C4E8E14C27AEC9DB00E800F9 /* ContentView.swift */; };
		C4E8E14F27AEC9EB00E800F9 /* Assets.xcassets in Resources */ = {isa = PBXBuildFile; fileRef = C4E8E14E27AEC9EB00E800F9 /* Assets.xcassets */; };
		C4E8E15227AEC9EB00E800F9 /* Preview Assets.xcassets in Resources */ = {isa = PBXBuildFile; fileRef = C4E8E15127AEC9EB00E800F9 /* Preview Assets.xcassets */; };
		C4E8E15D27AEC9EB00E800F9 /* ToDoTests.swift in Sources */ = {isa = PBXBuildFile; fileRef = C4E8E15C27AEC9EB00E800F9 /* ToDoTests.swift */; };
		C4E8E16827AEC9EB00E800F9 /* ToDoUITests.swift in Sources */ = {isa = PBXBuildFile; fileRef = C4E8E16727AEC9EB00E800F9 /* ToDoUITests.swift */; };
/* End PBXBuildFile section */

/* Begin PBXContainerItemProxy section */
		C4E8E15927AEC9EB00E800F9 /* PBXContainerItemProxy */ = {
			isa = PBXContainerItemProxy;
			containerPortal = C4E8E13F27AEC9DB00E800F9 /* Project object */;
			proxyType = 1;
			remoteGlobalIDString = C4E8E14627AEC9DB00E800F9;
			remoteInfo = ToDo;
		};
		C4E8E16427AEC9EB00E800F9 /* PBXContainerItemProxy */ = {
			isa = PBXContainerItemProxy;
			containerPortal = C4E8E13F27AEC9DB00E800F9 /* Project object */;
			proxyType = 1;
			remoteGlobalIDString = C4E8E14627AEC9DB00E800F9;
			remoteInfo = ToDo;
		};
/* End PBXContainerItemProxy section */

/* Begin PBXFileReference section */
		C4E8E14727AEC9DB00E800F9 /* ToDo.app */ = {isa = PBXFileReference; explicitFileType = wrapper.application; includeInIndex = 0; path = ToDo.app; sourceTree = BUILT_PRODUCTS_DIR; };
		C4E8E14A27AEC9DB00E800F9 /* ToDoApp.swift */ = {isa = PBXFileReference; lastKnownFileType = sourcecode.swift; path = ToDoApp.swift; sourceTree = "<group>"; };
		C4E8E14C27AEC9DB00E800F9 /* ContentView.swift */ = {isa = PBXFileReference; lastKnownFileType = sourcecode.swift; path = ContentView.swift; sourceTree = "<group>"; };
		C4E8E14E27AEC9EB00E800F9 /* Assets.xcassets */ = {isa = PBXFileReference; lastKnownFileType = folder.assetcatalog; path = Assets.xcassets; sourceTree = "<group>"; };
		C4E8E15127AEC9EB00E800F9 /* Preview Assets.xcassets */ = {isa = PBXFileReference; lastKnownFileType = folder.assetcatalog; path = "Preview Assets.xcassets"; sourceTree = "<group>"; };
		C4E8E15327AEC9EB00E800F9 /* Info.plist */ = {isa = PBXFileReference; lastKnownFileType = text.plist.xml; path = Info.plist; sourceTree = "<group>"; };
		C4E8E15827AEC9EB00E800F9 /* ToDoTests.xctest */ = {isa = PBXFileReference; explicitFileType = wrapper.cfbundle; includeInIndex = 0; path = ToDoTests.xctest; sourceTree = BUILT_PRODUCTS_DIR; };
		C4E8E15C27AEC9EB00E800F9 /* ToDoTests.swift */ = {isa = PBXFileReference; lastKnownFileType = sourcecode.swift; path = ToDoTests.swift; sourceTree = "<group>"; };
		C4E8E15E27AEC9EB00E800F9 /* Info.plist */ = {isa = PBXFileReference; lastKnownFileType = text.plist.xml; path = Info.plist; sourceTree = "<group>"; };
		C4E8E16327AEC9EB00E800F9 /* ToDoUITests.xctest */ = {isa = PBXFileReference; explicitFileType = wrapper.cfbundle; includeInIndex = 0; path = ToDoUITests.xctest; sourceTree = BUILT_PRODUCTS_DIR; };
		C4E8E16727AEC9EB00E800F9 /* ToDoUITests.swift */ = {isa = PBXFileReference; lastKnownFileType = sourcecode.swift; path = ToDoUITests.swift; sourceTree = "<group>"; };
		C4E8E16927AEC9EB00E800F9 /* Info.plist */ = {isa = PBXFileReference; lastKnownFileType = text.plist.xml; path = Info.plist; sourceTree = "<group>"; };
/* End PBXFileReference section */

/* Begin PBXFrameworksBuildPhase section */
		C4E8E14427AEC9DB00E800F9 /* Frameworks */ = {
			isa = PBXFrameworksBuildPhase;
			buildActionMask = 2147483647;
			files = (
			);
			runOnlyForDeploymentPostprocessing = 0;
		};
		C4E8E15527AEC9EB00E800F9 /* Frameworks */ = {
			isa = PBXFrameworksBuildPhase;
			buildActionMask = 2147483647;
			files = (
			);
			runOnlyForDeploymentPostprocessing = 0;
		};
		C4E8E16027AEC9EB00E800F9 /* Frameworks */ = {
			isa = PBXFrameworksBuildPhase;
			buildActionMask = 2147483647;
			files = (
			);
			runOnlyForDeploymentPostprocessing = 0;
		};
/* End PBXFrameworksBuildPhase section */

/* Begin PBXGroup section */
		C4E8E13E27AEC9DB00E800F9 = {
			isa = PBXGroup;
			children = (
				C4E8E14927AEC9DB00E800F9 /* ToDo */,
				C4E8E15B27AEC9EB00E800F9 /* ToDoTests */,
				C4E8E16627AEC9EB00E800F9 /* ToDoUITests */,
				C4E8E14827AEC9DB00E800F9 /* Products */,
			);
			sourceTree = "<group>";
		};
		C4E8E14827AEC9DB00E800F9 /* Products */ = {
			isa = PBXGroup;
			children = (
				C4E8E14727AEC9DB00E800F9 /* ToDo.app */,
				C4E8E15827AEC9EB00E800F9 /* ToDoTests.xctest */,
				C4E8E16327AEC9EB00E800F9 /* ToDoUITests.xctest */,
			);
			name = Products;
			sourceTree = "<group>";
		};
		C4E8E14927AEC9DB00E800F9 /* ToDo */ = {
			isa = PBXGroup;
			children = (
				C4E8E14A27AEC9DB00E800F9 /* ToDoApp.swift */,
				C4E8E14C27AEC9DB00E800F9 /* ContentView.swift */,
				C4E8E14E27AEC9EB00E800F9 /* Assets.xcassets */,
				C4E8E15327AEC9EB00E800F9 /* Info.plist */,
				C4E8E15027AEC9EB00E800F9 /* Preview Content */,
			);
			path = ToDo;
			sourceTree = "<group>";
		};
		C4E8E15027AEC9EB00E800F9 /* Preview Content */ = {
			isa = PBXGroup;
			children = (
				C4E8E15127AEC9EB00E800F9 /* Preview Assets.xcassets */,
			);
			path = "Preview Content";
			sourceTree = "<group>";
		};
		C4E8E15B27AEC9EB00E800F9 /* ToDoTests */ = {
			isa = PBXGroup;
			children = (
				C4E8E15C27AEC9EB00E800F9 /* ToDoTests.swift */,
				C4E8E15E27AEC9EB00E800F9 /* Info.plist */,
			);
			path = ToDoTests;
			sourceTree = "<group>";
		};
		C4E8E16627AEC9EB00E800F9 /* ToDoUITests */ = {
			isa = PBXGroup;
			children = (
				C4E8E16727AEC9EB00E800F9 /* ToDoUITests.swift */,
				C4E8E16927AEC9EB00E800F9 /* Info.plist */,
			);
			path = ToDoUITests;
			sourceTree = "<group>";
		};
/* End PBXGroup section */

/* Begin PBXNativeTarget section */
		C4E8E14627AEC9DB00E800F9 /* ToDo */ = {
			isa = PBXNativeTarget;
			buildConfigurationList = C4E8E16C27AEC9EB00E800F9 /* Build configuration list for PBXNativeTarget "ToDo" */;
			buildPhases = (
				C4E8E14327AEC9DB00E800F9 /* Sources */,
				C4E8E14427AEC9DB00E800F9 /* Frameworks */,
				C4E8E14527AEC9DB00E800F9 /* Resources */,
			);
			buildRules = (
			);
			dependencies = (
			);
			name = ToDo;
			productName = ToDo;
			productReference = C4E8E14727AEC9DB00E800F9 /* ToDo.app */;
			productType = "com.apple.product-type.application";
		};
		C4E8E15727AEC9EB00E800F9 /* ToDoTests */ = {
			isa = PBXNativeTarget;
			buildConfigurationList = C4E8E16F27AEC9EB00E800F9 /* Build configuration list for PBXNativeTarget "ToDoTests" */;
			buildPhases = (
				C4E8E15427AEC9EB00E800F9 /* Sources */,
				C4E8E15527AEC9EB00E800F9 /* Frameworks */,
				C4E8E15627AEC9EB00E800F9 /* Resources */,
			);
			buildRules = (
			);
			dependencies = (
				C4E8E15A27AEC9EB00E800F9 /* PBXTargetDependency */,
			);
			name = ToDoTests;
			productName = ToDoTests;
			productReference = C4E8E15827AEC9EB00E800F9 /* ToDoTests.xctest */;
			productType = "com.apple.product-type.bundle.unit-test";
		};
		C4E8E16227AEC9EB00E800F9 /* ToDoUITests */ = {
			isa = PBXNativeTarget;
			buildConfigurationList = C4E8E17227AEC9EB00E800F9 /* Build configuration list for PBXNativeTarget "ToDoUITests" */;
			buildPhases = (
				C4E8E15F27AEC9EB00E800F9 /* Sources */,
				C4E8E16027AEC9EB00E800F9 /* Frameworks */,
				C4E8E16127AEC9EB00E800F9 /* Resources */,
			);
			buildRules = (
			);
			dependencies = (
				C4E8E16527AEC9EB00E800F9 /* PBXTargetDependency */,
			);
			name = ToDoUITests;
			productName = ToDoUITests;
			productReference = C4E8E16327AEC9EB00E800F9 /* ToDoUITests.xctest */;
			productType = "com.apple.product-type.bundle.ui-testing";
		};
/* End PBXNativeTarget section */

/* Begin PBXProject section */
		C4E8E13F27AEC9DB00E800F9 /* Project object */ = {
			isa = PBXProject;
			attributes = {
				LastSwiftUpdateCheck = 1240;
				LastUpgradeCheck = 1240;
				TargetAttributes = {
					C4E8E14627AEC9DB00E800F9 = {
						CreatedOnToolsVersion = 12.4;
					};
					C4E8E15727AEC9EB00E800F9 = {
						CreatedOnToolsVersion = 12.4;
						TestTargetID = C4E8E14627AEC9DB00E800F9;
					};
					C4E8E16227AEC9EB00E800F9 = {
						CreatedOnToolsVersion = 12.4;
						TestTargetID = C4E8E14627AEC9DB00E800F9;
					};
				};
			};
			buildConfigurationList = C4E8E14227AEC9DB00E800F9 /* Build configuration list for PBXProject "ToDo" */;
			compatibilityVersion = "Xcode 9.3";
			developmentRegion = en;
			hasScannedForEncodings = 0;
			knownRegions = (
				en,
				Base,
			);
			mainGroup = C4E8E13E27AEC9DB00E800F9;
			productRefGroup = C4E8E14827AEC9DB00E800F9 /* Products */;
			projectDirPath = "";
			projectRoot = "";
			targets = (
				C4E8E14627AEC9DB00E800F9 /* ToDo */,
				C4E8E15727AEC9EB00E800F9 /* ToDoTests */,
				C4E8E16227AEC9EB00E800F9 /* ToDoUITests */,
			);
		};
/* End PBXProject section */

/* Begin PBXResourcesBuildPhase section */
		C4E8E14527AEC9DB00E800F9 /* Resources */ = {
			isa = PBXResourcesBuildPhase;
			buildActionMask = 2147483647;
			files = (
				C4E8E15227AEC9EB00E800F9 /* Preview Assets.xcassets in Resources */,
				C4E8E14F27AEC9EB00E800F9 /* Assets.xcassets in Resources */,
			);
			runOnlyForDeploymentPostprocessing = 0;
		};
		C4E8E15627AEC9EB00E800F9 /* Resources */ = {
			isa = PBXResourcesBuildPhase;
			buildActionMask = 2147483647;
			files = (
			);
			runOnlyForDeploymentPostprocessing = 0;
		};
		C4E8E16127AEC9EB00E800F9 /* Resources */ = {
			isa = PBXResourcesBuildPhase;
			buildActionMask = 2147483647;
			files = (
			);
			runOnlyForDeploymentPostprocessing = 0;
		};
/* End PBXResourcesBuildPhase section */

/* Begin PBXSourcesBuildPhase section */
		C4E8E14327AEC9DB00E800F9 /* Sources */ = {
			isa = PBXSourcesBuildPhase;
			buildActionMask = 2147483647;
			files = (
				C4E8E14D27AEC9DB00E800F9 /* ContentView.swift in Sources */,
				C4E8E14B27AEC9DB00E800F9 /* ToDoApp.swift in Sources */,
			);
			runOnlyForDeploymentPostprocessing = 0;
		};
		C4E8E15427AEC9EB00E800F9 /* Sources */ = {
			isa = PBXSourcesBuildPhase;
			buildActionMask = 2147483647;
			files = (
				C4E8E15D27AEC9EB00E800F9 /* ToDoTests.swift in Sources */,
			);
			runOnlyForDeploymentPostprocessing = 0;
		};
		C4E8E15F27AEC9EB00E800F9 /* Sources */ = {
			isa = PBXSourcesBuildPhase;
			buildActionMask = 2147483647;
			files = (
				C4E8E16827AEC9EB00E800F9 /* ToDoUITests.swift in Sources */,
			);
			runOnlyForDeploymentPostprocessing = 0;
		};
/* End PBXSourcesBuildPhase section */

/* Begin PBXTargetDependency section */
		C4E8E15A27AEC9EB00E800F9 /* PBXTargetDependency */ = {
			isa = PBXTargetDependency;
			target = C4E8E14627AEC9DB00E800F9 /* ToDo */;
			targetProxy = C4E8E15927AEC9EB00E800F9 /* PBXContainerItemProxy */;
		};
		C4E8E16527AEC9EB00E800F9 /* PBXTargetDependency */ = {
			isa = PBXTargetDependency;
			target = C4E8E14627AEC9DB00E800F9 /* ToDo */;
			targetProxy = C4E8E16427AEC9EB00E800F9 /* PBXContainerItemProxy */;
		};
/* End PBXTargetDependency section */

/* Begin XCBuildConfiguration section */
		C4E8E16A27AEC9EB00E800F9 /* Debug */ = {
			isa = XCBuildConfiguration;
			buildSettings = {
				ALWAYS_SEARCH_USER_PATHS = NO;
				CLANG_ANALYZER_NONNULL = YES;
				CLANG_ANALYZER_NUMBER_OBJECT_CONVERSION = YES_AGGRESSIVE;
				CLANG_CXX_LANGUAGE_STANDARD = "gnu++14";
				CLANG_CXX_LIBRARY = "libc++";
				CLANG_ENABLE_MODULES = YES;
				CLANG_ENABLE_OBJC_ARC = YES;
				CLANG_ENABLE_OBJC_WEAK = YES;
				CLANG_WARN_BLOCK_CAPTURE_AUTORELEASING = YES;
				CLANG_WARN_BOOL_CONVERSION = YES;
				CLANG_WARN_COMMA = YES;
				CLANG_WARN_CONSTANT_CONVERSION = YES;
				CLANG_WARN_DEPRECATED_OBJC_IMPLEMENTATIONS = YES;
				CLANG_WARN_DIRECT_OBJC_ISA_USAGE = YES_ERROR;
				CLANG_WARN_DOCUMENTATION_COMMENTS = YES;
				CLANG_WARN_EMPTY_BODY = YES;
				CLANG_WARN_ENUM_CONVERSION = YES;
				CLANG_WARN_INFINITE_RECURSION = YES;
				CLANG_WARN_INT_CONVERSION = YES;
				CLANG_WARN_NON_LITERAL_NULL_CONVERSION = YES;
				CLANG_WARN_OBJC_IMPLICIT_RETAIN_SELF = YES;
				CLANG_WARN_OBJC_LITERAL_CONVERSION = YES;
				CLANG_WARN_OBJC_ROOT_CLASS = YES_ERROR;
				CLANG_WARN_QUOTED_INCLUDE_IN_FRAMEWORK_HEADER = YES;
				CLANG_WARN_RANGE_LOOP_ANALYSIS = YES;
				CLANG_WARN_STRICT_PROTOTYPES = YES;
				CLANG_WARN_SUSPICIOUS_MOVE = YES;
				CLANG_WARN_UNGUARDED_AVAILABILITY = YES_AGGRESSIVE;
				CLANG_WARN_UNREACHABLE_CODE = YES;
				CLANG_WARN__DUPLICATE_METHOD_MATCH = YES;
				COPY_PHASE_STRIP = NO;
				DEBUG_INFORMATION_FORMAT = dwarf;
				ENABLE_STRICT_OBJC_MSGSEND = YES;
				ENABLE_TESTABILITY = YES;
				GCC_C_LANGUAGE_STANDARD = gnu11;
				GCC_DYNAMIC_NO_PIC = NO;
				GCC_NO_COMMON_BLOCKS = YES;
				GCC_OPTIMIZATION_LEVEL = 0;
				GCC_PREPROCESSOR_DEFINITIONS = (
					"DEBUG=1",
					"$(inherited)",
				);
				GCC_WARN_64_TO_32_BIT_CONVERSION = YES;
				GCC_WARN_ABOUT_RETURN_TYPE = YES_ERROR;
				GCC_WARN_UNDECLARED_SELECTOR = YES;
				GCC_WARN_UNINITIALIZED_AUTOS = YES_AGGRESSIVE;
				GCC_WARN_UNUSED_FUNCTION = YES;
				GCC_WARN_UNUSED_VARIABLE = YES;
				IPHONEOS_DEPLOYMENT_TARGET = 14.4;
				MTL_ENABLE_DEBUG_INFO = INCLUDE_SOURCE;
				MTL_FAST_MATH = YES;
				ONLY_ACTIVE_ARCH = YES;
				SDKROOT = iphoneos;
				SWIFT_ACTIVE_COMPILATION_CONDITIONS = DEBUG;
				SWIFT_OPTIMIZATION_LEVEL = "-Onone";
			};
			name = Debug;
		};
		C4E8E16B27AEC9EB00E800F9 /* Release */ = {
			isa = XCBuildConfiguration;
			buildSettings = {
				ALWAYS_SEARCH_USER_PATHS = NO;
				CLANG_ANALYZER_NONNULL = YES;
				CLANG_ANALYZER_NUMBER_OBJECT_CONVERSION = YES_AGGRESSIVE;
				CLANG_CXX_LANGUAGE_STANDARD = "gnu++14";
				CLANG_CXX_LIBRARY = "libc++";
				CLANG_ENABLE_MODULES = YES;
				CLANG_ENABLE_OBJC_ARC = YES;
				CLANG_ENABLE_OBJC_WEAK = YES;
				CLANG_WARN_BLOCK_CAPTURE_AUTORELEASING = YES;
				CLANG_WARN_BOOL_CONVERSION = YES;
				CLANG_WARN_COMMA = YES;
				CLANG_WARN_CONSTANT_CONVERSION = YES;
				CLANG_WARN_DEPRECATED_OBJC_IMPLEMENTATIONS = YES;
				CLANG_WARN_DIRECT_OBJC_ISA_USAGE = YES_ERROR;
				CLANG_WARN_DOCUMENTATION_COMMENTS = YES;
				CLANG_WARN_EMPTY_BODY = YES;
				CLANG_WARN_ENUM_CONVERSION = YES;
				CLANG_WARN_INFINITE_RECURSION = YES;
				CLANG_WARN_INT_CONVERSION = YES;
				CLANG_WARN_NON_LITERAL_NULL_CONVERSION = YES;
				CLANG_WARN_OBJC_IMPLICIT_RETAIN_SELF = YES;
				CLANG_WARN_OBJC_LITERAL_CONVERSION = YES;
				CLANG_WARN_OBJC_ROOT_CLASS = YES_ERROR;
				CLANG_WARN_QUOTED_INCLUDE_IN_FRAMEWORK_HEADER = YES;
				CLANG_WARN_RANGE_LOOP_ANALYSIS = YES;
				CLANG_WARN_STRICT_PROTOTYPES = YES;
				CLANG_WARN_SUSPICIOUS_MOVE = YES;
				CLANG_WARN_UNGUARDED_AVAILABILITY = YES_AGGRESSIVE;
				CLANG_WARN_UNREACHABLE_CODE = YES;
				CLANG_WARN__DUPLICATE_METHOD_MATCH = YES;
				COPY_PHASE_STRIP = NO;
				DEBUG_INFORMATION_FORMAT = "dwarf-with-dsym";
				ENABLE_NS_ASSERTIONS = NO;
				ENABLE_STRICT_OBJC_MSGSEND = YES;
				GCC_C_LANGUAGE_STANDARD = gnu11;
				GCC_NO_COMMON_BLOCKS = YES;
				GCC_WARN_64_TO_32_BIT_CONVERSION = YES;
				GCC_WARN_ABOUT_RETURN_TYPE = YES_ERROR;
				GCC_WARN_UNDECLARED_SELECTOR = YES;
				GCC_WARN_UNINITIALIZED_AUTOS = YES_AGGRESSIVE;
				GCC_WARN_UNUSED_FUNCTION = YES;
				GCC_WARN_UNUSED_VARIABLE = YES;
				IPHONEOS_DEPLOYMENT_TARGET = 14.4;
				MTL_ENABLE_DEBUG_INFO = NO;
				MTL_FAST_MATH = YES;
				SDKROOT = iphoneos;
				SWIFT_COMPILATION_MODE = wholemodule;
				SWIFT_OPTIMIZATION_LEVEL = "-O";
				VALIDATE_PRODUCT = YES;
			};
			name = Release;
		};
		C4E8E16D27AEC9EB00E800F9 /* Debug */ = {
			isa = XCBuildConfiguration;
			buildSettings = {
				ASSETCATALOG_COMPILER_APPICON_NAME = AppIcon;
				ASSETCATALOG_COMPILER_GLOBAL_ACCENT_COLOR_NAME = AccentColor;
				CODE_SIGN_STYLE = Automatic;
				DEVELOPMENT_ASSET_PATHS = "\"ToDo/Preview Content\"";
				DEVELOPMENT_TEAM = 4QZ86W8YMN;
				ENABLE_PREVIEWS = YES;
				INFOPLIST_FILE = ToDo/Info.plist;
				IPHONEOS_DEPLOYMENT_TARGET = 14.0;
				LD_RUNPATH_SEARCH_PATHS = (
					"$(inherited)",
					"@executable_path/Frameworks",
				);
				PRODUCT_BUNDLE_IDENTIFIER = com.basiszta.jozsef.ToDo;
				PRODUCT_NAME = "$(TARGET_NAME)";
				SWIFT_VERSION = 5.0;
				TARGETED_DEVICE_FAMILY = "1,2";
			};
			name = Debug;
		};
		C4E8E16E27AEC9EB00E800F9 /* Release */ = {
			isa = XCBuildConfiguration;
			buildSettings = {
				ASSETCATALOG_COMPILER_APPICON_NAME = AppIcon;
				ASSETCATALOG_COMPILER_GLOBAL_ACCENT_COLOR_NAME = AccentColor;
				CODE_SIGN_STYLE = Automatic;
				DEVELOPMENT_ASSET_PATHS = "\"ToDo/Preview Content\"";
				DEVELOPMENT_TEAM = 4QZ86W8YMN;
				ENABLE_PREVIEWS = YES;
				INFOPLIST_FILE = ToDo/Info.plist;
				IPHONEOS_DEPLOYMENT_TARGET = 14.0;
				LD_RUNPATH_SEARCH_PATHS = (
					"$(inherited)",
					"@executable_path/Frameworks",
				);
				PRODUCT_BUNDLE_IDENTIFIER = com.basiszta.jozsef.ToDo;
				PRODUCT_NAME = "$(TARGET_NAME)";
				SWIFT_VERSION = 5.0;
				TARGETED_DEVICE_FAMILY = "1,2";
			};
			name = Release;
		};
		C4E8E17027AEC9EB00E800F9 /* Debug */ = {
			isa = XCBuildConfiguration;
			buildSettings = {
				ALWAYS_EMBED_SWIFT_STANDARD_LIBRARIES = YES;
				BUNDLE_LOADER = "$(TEST_HOST)";
				CODE_SIGN_STYLE = Automatic;
				DEVELOPMENT_TEAM = 4QZ86W8YMN;
				INFOPLIST_FILE = ToDoTests/Info.plist;
				IPHONEOS_DEPLOYMENT_TARGET = 14.0;
				LD_RUNPATH_SEARCH_PATHS = (
					"$(inherited)",
					"@executable_path/Frameworks",
					"@loader_path/Frameworks",
				);
				PRODUCT_BUNDLE_IDENTIFIER = com.basiszta.jozsef.ToDoTests;
				PRODUCT_NAME = "$(TARGET_NAME)";
				SWIFT_VERSION = 5.0;
				TARGETED_DEVICE_FAMILY = "1,2";
				TEST_HOST = "$(BUILT_PRODUCTS_DIR)/ToDo.app/ToDo";
			};
			name = Debug;
		};
		C4E8E17127AEC9EB00E800F9 /* Release */ = {
			isa = XCBuildConfiguration;
			buildSettings = {
				ALWAYS_EMBED_SWIFT_STANDARD_LIBRARIES = YES;
				BUNDLE_LOADER = "$(TEST_HOST)";
				CODE_SIGN_STYLE = Automatic;
				DEVELOPMENT_TEAM = 4QZ86W8YMN;
				INFOPLIST_FILE = ToDoTests/Info.plist;
				IPHONEOS_DEPLOYMENT_TARGET = 14.0;
				LD_RUNPATH_SEARCH_PATHS = (
					"$(inherited)",
					"@executable_path/Frameworks",
					"@loader_path/Frameworks",
				);
				PRODUCT_BUNDLE_IDENTIFIER = com.basiszta.jozsef.ToDoTests;
				PRODUCT_NAME = "$(TARGET_NAME)";
				SWIFT_VERSION = 5.0;
				TARGETED_DEVICE_FAMILY = "1,2";
				TEST_HOST = "$(BUILT_PRODUCTS_DIR)/ToDo.app/ToDo";
			};
			name = Release;
		};
		C4E8E17327AEC9EB00E800F9 /* Debug */ = {
			isa = XCBuildConfiguration;
			buildSettings = {
				ALWAYS_EMBED_SWIFT_STANDARD_LIBRARIES = YES;
				CODE_SIGN_STYLE = Automatic;
				DEVELOPMENT_TEAM = 4QZ86W8YMN;
				INFOPLIST_FILE = ToDoUITests/Info.plist;
				LD_RUNPATH_SEARCH_PATHS = (
					"$(inherited)",
					"@executable_path/Frameworks",
					"@loader_path/Frameworks",
				);
				PRODUCT_BUNDLE_IDENTIFIER = com.basiszta.jozsef.ToDoUITests;
				PRODUCT_NAME = "$(TARGET_NAME)";
				SWIFT_VERSION = 5.0;
				TARGETED_DEVICE_FAMILY = "1,2";
				TEST_TARGET_NAME = ToDo;
			};
			name = Debug;
		};
		C4E8E17427AEC9EB00E800F9 /* Release */ = {
			isa = XCBuildConfiguration;
			buildSettings = {
				ALWAYS_EMBED_SWIFT_STANDARD_LIBRARIES = YES;
				CODE_SIGN_STYLE = Automatic;
				DEVELOPMENT_TEAM = 4QZ86W8YMN;
				INFOPLIST_FILE = ToDoUITests/Info.plist;
				LD_RUNPATH_SEARCH_PATHS = (
					"$(inherited)",
					"@executable_path/Frameworks",
					"@loader_path/Frameworks",
				);
				PRODUCT_BUNDLE_IDENTIFIER = com.basiszta.jozsef.ToDoUITests;
				PRODUCT_NAME = "$(TARGET_NAME)";
				SWIFT_VERSION = 5.0;
				TARGETED_DEVICE_FAMILY = "1,2";
				TEST_TARGET_NAME = ToDo;
			};
			name = Release;
		};
/* End XCBuildConfiguration section */

/* Begin XCConfigurationList section */
		C4E8E14227AEC9DB00E800F9 /* Build configuration list for PBXProject "ToDo" */ = {
			isa = XCConfigurationList;
			buildConfigurations = (
				C4E8E16A27AEC9EB00E800F9 /* Debug */,
				C4E8E16B27AEC9EB00E800F9 /* Release */,
			);
			defaultConfigurationIsVisible = 0;
			defaultConfigurationName = Release;
		};
		C4E8E16C27AEC9EB00E800F9 /* Build configuration list for PBXNativeTarget "ToDo" */ = {
			isa = XCConfigurationList;
			buildConfigurations = (
				C4E8E16D27AEC9EB00E800F9 /* Debug */,
				C4E8E16E27AEC9EB00E800F9 /* Release */,
			);
			defaultConfigurationIsVisible = 0;
			defaultConfigurationName = Release;
		};
		C4E8E16F27AEC9EB00E800F9 /* Build configuration list for PBXNativeTarget "ToDoTests" */ = {
			isa = XCConfigurationList;
			buildConfigurations = (
				C4E8E17027AEC9EB00E800F9 /* Debug */,
				C4E8E17127AEC9EB00E800F9 /* Release */,
			);
			defaultConfigurationIsVisible = 0;
			defaultConfigurationName = Release;
		};
		C4E8E17227AEC9EB00E800F9 /* Build configuration list for PBXNativeTarget "ToDoUITests" */ = {
			isa = XCConfigurationList;
			buildConfigurations = (
				C4E8E17327AEC9EB00E800F9 /* Debug */,
				C4E8E17427AEC9EB00E800F9 /* Release */,
			);
			defaultConfigurationIsVisible = 0;
			defaultConfigurationName = Release;
		};
/* End XCConfigurationList section */
	};
	rootObject = C4E8E13F27AEC9DB00E800F9 /* Project object */;
}
